
Microsoft Visual Studio Solution File, Format Version 12.00
Project("{FAE04EC0-301F-11D3-BF4B-00C04F79EFBC}") = "fs-2025-api-20250925-71607", "fs-2025-api-20250925-71607\fs-2025-api-20250925-71607.csproj", "{89142E1D-47F5-49A0-B79D-4BC6D60FF776}"
EndProject
Project("{FAE04EC0-301F-11D3-BF4B-00C04F79EFBC}") = "fs_2025_api_20250925_71607.Tests", "fs_2025_api_20250925_71607.Tests\fs_2025_api_20250925_71607.Tests.csproj", "{9791B551-62C2-4BD1-9F7F-3270C925C7D7}"
EndProject
Global
	GlobalSection(SolutionConfigurationPlatforms) = preSolution
		Debug|Any CPU = Debug|Any CPU
		Debug|x64 = Debug|x64
		Debug|x86 = Debug|x86
		Release|Any CPU = Release|Any CPU
		Release|x64 = Release|x64
		Release|x86 = Release|x86
	EndGlobalSection
	GlobalSection(ProjectConfigurationPlatforms) = postSolution
		{89142E1D-47F5-49A0-B79D-4BC6D60FF776}.Debug|Any CPU.ActiveCfg = Debug|Any CPU
		{89142E1D-47F5-49A0-B79D-4BC6D60FF776}.Debug|Any CPU.Build.0 = Debug|Any CPU
		{89142E1D-47F5-49A0-B79D-4BC6D60FF776}.Debug|x64.ActiveCfg = Debug|Any CPU
		{89142E1D-47F5-49A0-B79D-4BC6D60FF776}.Debug|x64.Build.0 = Debug|Any CPU
		{89142E1D-47F5-49A0-B79D-4BC6D60FF776}.Debug|x86.ActiveCfg = Debug|Any CPU
		{89142E1D-47F5-49A0-B79D-4BC6D60FF776}.Debug|x86.Build.0 = Debug|Any CPU
		{89142E1D-47F5-49A0-B79D-4BC6D60FF776}.Release|Any CPU.ActiveCfg = Release|Any CPU
		{89142E1D-47F5-49A0-B79D-4BC6D60FF776}.Release|Any CPU.Build.0 = Release|Any CPU
		{89142E1D-47F5-49A0-B79D-4BC6D60FF776}.Release|x64.ActiveCfg = Release|Any CPU
		{89142E1D-47F5-49A0-B79D-4BC6D60FF776}.Release|x64.Build.0 = Release|Any CPU
		{89142E1D-47F5-49A0-B79D-4BC6D60FF776}.Release|x86.ActiveCfg = Release|Any CPU
		{89142E1D-47F5-49A0-B79D-4BC6D60FF776}.Release|x86.Build.0 = Release|Any CPU
		{9791B551-62C2-4BD1-9F7F-3270C925C7D7}.Debug|Any CPU.ActiveCfg = Debug|Any CPU
		{9791B551-62C2-4BD1-9F7F-3270C925C7D7}.Debug|Any CPU.Build.0 = Debug|Any CPU
		{9791B551-62C2-4BD1-9F7F-3270C925C7D7}.Debug|x64.ActiveCfg = Debug|Any CPU
		{9791B551-62C2-4BD1-9F7F-3270C925C7D7}.Debug|x64.Build.0 = Debug|Any CPU
		{9791B551-62C2-4BD1-9F7F-3270C925C7D7}.Debug|x86.ActiveCfg = Debug|Any CPU
		{9791B551-62C2-4BD1-9F7F-3270C925C7D7}.Debug|x86.Build.0 = Debug|Any CPU
		{9791B551-62C2-4BD1-9F7F-3270C925C7D7}.Release|Any CPU.ActiveCfg = Release|Any CPU
		{9791B551-62C2-4BD1-9F7F-3270C925C7D7}.Release|Any CPU.Build.0 = Release|Any CPU
		{9791B551-62C2-4BD1-9F7F-3270C925C7D7}.Release|x64.ActiveCfg = Release|Any CPU
		{9791B551-62C2-4BD1-9F7F-3270C925C7D7}.Release|x64.Build.0 = Release|Any CPU
		{9791B551-62C2-4BD1-9F7F-3270C925C7D7}.Release|x86.ActiveCfg = Release|Any CPU
		{9791B551-62C2-4BD1-9F7F-3270C925C7D7}.Release|x86.Build.0 = Release|Any CPU
	EndGlobalSection
	GlobalSection(SolutionProperties) = preSolution
		HideSolutionNode = FALSE
	EndGlobalSection
EndGlobal
